// !$*UTF8*$!
{
	archiveVersion = 1;
	classes = {
	};
	objectVersion = 46;
	objects = {

/* Begin PBXBuildFile section */
		010DBEE21BD131CD0031B81C /* SearchResultsViewController.m in Sources */ = {isa = PBXBuildFile; fileRef = 010DBEE11BD131CD0031B81C /* SearchResultsViewController.m */; settings = {ASSET_TAGS = (); }; };
		012D3C071BD00CC1002643A7 /* main.m in Sources */ = {isa = PBXBuildFile; fileRef = 012D3C061BD00CC1002643A7 /* main.m */; };
		012D3C0A1BD00CC1002643A7 /* AppDelegate.m in Sources */ = {isa = PBXBuildFile; fileRef = 012D3C091BD00CC1002643A7 /* AppDelegate.m */; };
		012D3C0D1BD00CC1002643A7 /* ViewController.m in Sources */ = {isa = PBXBuildFile; fileRef = 012D3C0C1BD00CC1002643A7 /* ViewController.m */; };
		012D3C101BD00CC1002643A7 /* Main.storyboard in Resources */ = {isa = PBXBuildFile; fileRef = 012D3C0E1BD00CC1002643A7 /* Main.storyboard */; };
		012D3C121BD00CC1002643A7 /* Assets.xcassets in Resources */ = {isa = PBXBuildFile; fileRef = 012D3C111BD00CC1002643A7 /* Assets.xcassets */; };
		012D3C151BD00CC1002643A7 /* LaunchScreen.storyboard in Resources */ = {isa = PBXBuildFile; fileRef = 012D3C131BD00CC1002643A7 /* LaunchScreen.storyboard */; };
		012D3C1E1BD00D4E002643A7 /* Characters.m in Sources */ = {isa = PBXBuildFile; fileRef = 012D3C1D1BD00D4E002643A7 /* Characters.m */; settings = {ASSET_TAGS = (); }; };
		012D3C211BD02C09002643A7 /* CharacterViewController.m in Sources */ = {isa = PBXBuildFile; fileRef = 012D3C201BD02C09002643A7 /* CharacterViewController.m */; settings = {ASSET_TAGS = (); }; };
		012D3C241BD02FFD002643A7 /* Reachability.m in Sources */ = {isa = PBXBuildFile; fileRef = 012D3C231BD02FFD002643A7 /* Reachability.m */; settings = {ASSET_TAGS = (); }; };
		016CDC6A1BD178640064787C /* TriviaViewController.m in Sources */ = {isa = PBXBuildFile; fileRef = 016CDC691BD178640064787C /* TriviaViewController.m */; settings = {ASSET_TAGS = (); }; };
/* End PBXBuildFile section */

/* Begin PBXFileReference section */
		010DBEE01BD131CD0031B81C /* SearchResultsViewController.h */ = {isa = PBXFileReference; fileEncoding = 4; lastKnownFileType = sourcecode.c.h; path = SearchResultsViewController.h; sourceTree = "<group>"; };
		010DBEE11BD131CD0031B81C /* SearchResultsViewController.m */ = {isa = PBXFileReference; fileEncoding = 4; lastKnownFileType = sourcecode.c.objc; path = SearchResultsViewController.m; sourceTree = "<group>"; };
		012D3C021BD00CC1002643A7 /* iForce.app */ = {isa = PBXFileReference; explicitFileType = wrapper.application; includeInIndex = 0; path = iForce.app; sourceTree = BUILT_PRODUCTS_DIR; };
		012D3C061BD00CC1002643A7 /* main.m */ = {isa = PBXFileReference; lastKnownFileType = sourcecode.c.objc; path = main.m; sourceTree = "<group>"; };
		012D3C081BD00CC1002643A7 /* AppDelegate.h */ = {isa = PBXFileReference; lastKnownFileType = sourcecode.c.h; path = AppDelegate.h; sourceTree = "<group>"; };
		012D3C091BD00CC1002643A7 /* AppDelegate.m */ = {isa = PBXFileReference; lastKnownFileType = sourcecode.c.objc; path = AppDelegate.m; sourceTree = "<group>"; };
		012D3C0B1BD00CC1002643A7 /* ViewController.h */ = {isa = PBXFileReference; lastKnownFileType = sourcecode.c.h; path = ViewController.h; sourceTree = "<group>"; };
		012D3C0C1BD00CC1002643A7 /* ViewController.m */ = {isa = PBXFileReference; lastKnownFileType = sourcecode.c.objc; path = ViewController.m; sourceTree = "<group>"; };
		012D3C0F1BD00CC1002643A7 /* Base */ = {isa = PBXFileReference; lastKnownFileType = file.storyboard; name = Base; path = Base.lproj/Main.storyboard; sourceTree = "<group>"; };
		012D3C111BD00CC1002643A7 /* Assets.xcassets */ = {isa = PBXFileReference; lastKnownFileType = folder.assetcatalog; path = Assets.xcassets; sourceTree = "<group>"; };
		012D3C141BD00CC1002643A7 /* Base */ = {isa = PBXFileReference; lastKnownFileType = file.storyboard; name = Base; path = Base.lproj/LaunchScreen.storyboard; sourceTree = "<group>"; };
		012D3C161BD00CC1002643A7 /* Info.plist */ = {isa = PBXFileReference; lastKnownFileType = text.plist.xml; path = Info.plist; sourceTree = "<group>"; };
		012D3C1C1BD00D4E002643A7 /* Characters.h */ = {isa = PBXFileReference; fileEncoding = 4; lastKnownFileType = sourcecode.c.h; path = Characters.h; sourceTree = "<group>"; };
		012D3C1D1BD00D4E002643A7 /* Characters.m */ = {isa = PBXFileReference; fileEncoding = 4; lastKnownFileType = sourcecode.c.objc; path = Characters.m; sourceTree = "<group>"; };
		012D3C1F1BD02C09002643A7 /* CharacterViewController.h */ = {isa = PBXFileReference; fileEncoding = 4; lastKnownFileType = sourcecode.c.h; path = CharacterViewController.h; sourceTree = "<group>"; };
		012D3C201BD02C09002643A7 /* CharacterViewController.m */ = {isa = PBXFileReference; fileEncoding = 4; lastKnownFileType = sourcecode.c.objc; path = CharacterViewController.m; sourceTree = "<group>"; };
		012D3C221BD02FFD002643A7 /* Reachability.h */ = {isa = PBXFileReference; fileEncoding = 4; lastKnownFileType = sourcecode.c.h; name = Reachability.h; path = "../../../Day11and12-TuneSearch/iTune/iTune/Reachability.h"; sourceTree = "<group>"; };
		012D3C231BD02FFD002643A7 /* Reachability.m */ = {isa = PBXFileReference; fileEncoding = 4; lastKnownFileType = sourcecode.c.objc; name = Reachability.m; path = "../../../Day11and12-TuneSearch/iTune/iTune/Reachability.m"; sourceTree = "<group>"; };
		016CDC681BD178640064787C /* TriviaViewController.h */ = {isa = PBXFileReference; fileEncoding = 4; lastKnownFileType = sourcecode.c.h; path = TriviaViewController.h; sourceTree = "<group>"; };
		016CDC691BD178640064787C /* TriviaViewController.m */ = {isa = PBXFileReference; fileEncoding = 4; lastKnownFileType = sourcecode.c.objc; path = TriviaViewController.m; sourceTree = "<group>"; };
/* End PBXFileReference section */

/* Begin PBXFrameworksBuildPhase section */
		012D3BFF1BD00CC1002643A7 /* Frameworks */ = {
			isa = PBXFrameworksBuildPhase;
			buildActionMask = 2147483647;
			files = (
			);
			runOnlyForDeploymentPostprocessing = 0;
		};
/* End PBXFrameworksBuildPhase section */

/* Begin PBXGroup section */
		012D3BF91BD00CC1002643A7 = {
			isa = PBXGroup;
			children = (
				012D3C041BD00CC1002643A7 /* iForce */,
				012D3C031BD00CC1002643A7 /* Products */,
			);
			sourceTree = "<group>";
		};
		012D3C031BD00CC1002643A7 /* Products */ = {
			isa = PBXGroup;
			children = (
				012D3C021BD00CC1002643A7 /* iForce.app */,
			);
			name = Products;
			sourceTree = "<group>";
		};
		012D3C041BD00CC1002643A7 /* iForce */ = {
			isa = PBXGroup;
			children = (
				012D3C0E1BD00CC1002643A7 /* Main.storyboard */,
				016CDC681BD178640064787C /* TriviaViewController.h */,
				016CDC691BD178640064787C /* TriviaViewController.m */,
				012D3C221BD02FFD002643A7 /* Reachability.h */,
				012D3C231BD02FFD002643A7 /* Reachability.m */,
				012D3C081BD00CC1002643A7 /* AppDelegate.h */,
				012D3C091BD00CC1002643A7 /* AppDelegate.m */,
				012D3C1F1BD02C09002643A7 /* CharacterViewController.h */,
				012D3C201BD02C09002643A7 /* CharacterViewController.m */,
				010DBEE01BD131CD0031B81C /* SearchResultsViewController.h */,
				010DBEE11BD131CD0031B81C /* SearchResultsViewController.m */,
				012D3C0B1BD00CC1002643A7 /* ViewController.h */,
				012D3C0C1BD00CC1002643A7 /* ViewController.m */,
				012D3C1C1BD00D4E002643A7 /* Characters.h */,
				012D3C1D1BD00D4E002643A7 /* Characters.m */,
				012D3C111BD00CC1002643A7 /* Assets.xcassets */,
				012D3C131BD00CC1002643A7 /* LaunchScreen.storyboard */,
				012D3C161BD00CC1002643A7 /* Info.plist */,
				012D3C051BD00CC1002643A7 /* Supporting Files */,
			);
			path = iForce;
			sourceTree = "<group>";
		};
		012D3C051BD00CC1002643A7 /* Supporting Files */ = {
			isa = PBXGroup;
			children = (
				012D3C061BD00CC1002643A7 /* main.m */,
			);
			name = "Supporting Files";
			sourceTree = "<group>";
		};
/* End PBXGroup section */

/* Begin PBXNativeTarget section */
		012D3C011BD00CC1002643A7 /* iForce */ = {
			isa = PBXNativeTarget;
			buildConfigurationList = 012D3C191BD00CC1002643A7 /* Build configuration list for PBXNativeTarget "iForce" */;
			buildPhases = (
				012D3BFE1BD00CC1002643A7 /* Sources */,
				012D3BFF1BD00CC1002643A7 /* Frameworks */,
				012D3C001BD00CC1002643A7 /* Resources */,
			);
			buildRules = (
			);
			dependencies = (
			);
			name = iForce;
			productName = iForce;
			productReference = 012D3C021BD00CC1002643A7 /* iForce.app */;
			productType = "com.apple.product-type.application";
		};
/* End PBXNativeTarget section */

/* Begin PBXProject section */
		012D3BFA1BD00CC1002643A7 /* Project object */ = {
			isa = PBXProject;
			attributes = {
				LastUpgradeCheck = 0700;
				ORGANIZATIONNAME = "Luke Madronal";
				TargetAttributes = {
					012D3C011BD00CC1002643A7 = {
						CreatedOnToolsVersion = 7.0.1;
						DevelopmentTeam = DMUZX7Q6QX;
					};
				};
			};
			buildConfigurationList = 012D3BFD1BD00CC1002643A7 /* Build configuration list for PBXProject "iForce" */;
			compatibilityVersion = "Xcode 3.2";
			developmentRegion = English;
			hasScannedForEncodings = 0;
			knownRegions = (
				en,
				Base,
			);
			mainGroup = 012D3BF91BD00CC1002643A7;
			productRefGroup = 012D3C031BD00CC1002643A7 /* Products */;
			projectDirPath = "";
			projectRoot = "";
			targets = (
				012D3C011BD00CC1002643A7 /* iForce */,
			);
		};
/* End PBXProject section */

/* Begin PBXResourcesBuildPhase section */
		012D3C001BD00CC1002643A7 /* Resources */ = {
			isa = PBXResourcesBuildPhase;
			buildActionMask = 2147483647;
			files = (
				012D3C151BD00CC1002643A7 /* LaunchScreen.storyboard in Resources */,
				012D3C121BD00CC1002643A7 /* Assets.xcassets in Resources */,
				012D3C101BD00CC1002643A7 /* Main.storyboard in Resources */,
			);
			runOnlyForDeploymentPostprocessing = 0;
		};
/* End PBXResourcesBuildPhase section */

/* Begin PBXSourcesBuildPhase section */
		012D3BFE1BD00CC1002643A7 /* Sources */ = {
			isa = PBXSourcesBuildPhase;
			buildActionMask = 2147483647;
			files = (
				012D3C0D1BD00CC1002643A7 /* ViewController.m in Sources */,
				012D3C211BD02C09002643A7 /* CharacterViewController.m in Sources */,
				010DBEE21BD131CD0031B81C /* SearchResultsViewController.m in Sources */,
				012D3C0A1BD00CC1002643A7 /* AppDelegate.m in Sources */,
				012D3C071BD00CC1002643A7 /* main.m in Sources */,
				012D3C241BD02FFD002643A7 /* Reachability.m in Sources */,
				012D3C1E1BD00D4E002643A7 /* Characters.m in Sources */,
				016CDC6A1BD178640064787C /* TriviaViewController.m in Sources */,
			);
			runOnlyForDeploymentPostprocessing = 0;
		};
/* End PBXSourcesBuildPhase section */

/* Begin PBXVariantGroup section */
		012D3C0E1BD00CC1002643A7 /* Main.storyboard */ = {
			isa = PBXVariantGroup;
			children = (
				012D3C0F1BD00CC1002643A7 /* Base */,
			);
			name = Main.storyboard;
			sourceTree = "<group>";
		};
		012D3C131BD00CC1002643A7 /* LaunchScreen.storyboard */ = {
			isa = PBXVariantGroup;
			children = (
				012D3C141BD00CC1002643A7 /* Base */,
			);
			name = LaunchScreen.storyboard;
			sourceTree = "<group>";
		};
/* End PBXVariantGroup section */

/* Begin XCBuildConfiguration section */
		012D3C171BD00CC1002643A7 /* Debug */ = {
			isa = XCBuildConfiguration;
			buildSettings = {
				ALWAYS_SEARCH_USER_PATHS = NO;
				CLANG_CXX_LANGUAGE_STANDARD = "gnu++0x";
				CLANG_CXX_LIBRARY = "libc++";
				CLANG_ENABLE_MODULES = YES;
				CLANG_ENABLE_OBJC_ARC = YES;
				CLANG_WARN_BOOL_CONVERSION = YES;
				CLANG_WARN_CONSTANT_CONVERSION = YES;
				CLANG_WARN_DIRECT_OBJC_ISA_USAGE = YES_ERROR;
				CLANG_WARN_EMPTY_BODY = YES;
				CLANG_WARN_ENUM_CONVERSION = YES;
				CLANG_WARN_INT_CONVERSION = YES;
				CLANG_WARN_OBJC_ROOT_CLASS = YES_ERROR;
				CLANG_WARN_UNREACHABLE_CODE = YES;
				CLANG_WARN__DUPLICATE_METHOD_MATCH = YES;
				"CODE_SIGN_IDENTITY[sdk=iphoneos*]" = "iPhone Developer";
				COPY_PHASE_STRIP = NO;
				DEBUG_INFORMATION_FORMAT = dwarf;
				ENABLE_STRICT_OBJC_MSGSEND = YES;
				ENABLE_TESTABILITY = YES;
				GCC_C_LANGUAGE_STANDARD = gnu99;
				GCC_DYNAMIC_NO_PIC = NO;
				GCC_NO_COMMON_BLOCKS = YES;
				GCC_OPTIMIZATION_LEVEL = 0;
				GCC_PREPROCESSOR_DEFINITIONS = (
					"DEBUG=1",
					"$(inherited)",
				);
				GCC_WARN_64_TO_32_BIT_CONVERSION = YES;
				GCC_WARN_ABOUT_RETURN_TYPE = YES_ERROR;
				GCC_WARN_UNDECLARED_SELECTOR = YES;
				GCC_WARN_UNINITIALIZED_AUTOS = YES_AGGRESSIVE;
				GCC_WARN_UNUSED_FUNCTION = YES;
				GCC_WARN_UNUSED_VARIABLE = YES;
				IPHONEOS_DEPLOYMENT_TARGET = 9.0;
				MTL_ENABLE_DEBUG_INFO = YES;
				ONLY_ACTIVE_ARCH = YES;
				SDKROOT = iphoneos;
				TARGETED_DEVICE_FAMILY = "1,2";
			};
			name = Debug;
		};
		012D3C181BD00CC1002643A7 /* Release */ = {
			isa = XCBuildConfiguration;
			buildSettings = {
				ALWAYS_SEARCH_USER_PATHS = NO;
				CLANG_CXX_LANGUAGE_STANDARD = "gnu++0x";
				CLANG_CXX_LIBRARY = "libc++";
				CLANG_ENABLE_MODULES = YES;
				CLANG_ENABLE_OBJC_ARC = YES;
				CLANG_WARN_BOOL_CONVERSION = YES;
				CLANG_WARN_CONSTANT_CONVERSION = YES;
				CLANG_WARN_DIRECT_OBJC_ISA_USAGE = YES_ERROR;
				CLANG_WARN_EMPTY_BODY = YES;
				CLANG_WARN_ENUM_CONVERSION = YES;
				CLANG_WARN_INT_CONVERSION = YES;
				CLANG_WARN_OBJC_ROOT_CLASS = YES_ERROR;
				CLANG_WARN_UNREACHABLE_CODE = YES;
				CLANG_WARN__DUPLICATE_METHOD_MATCH = YES;
				"CODE_SIGN_IDENTITY[sdk=iphoneos*]" = "iPhone Developer";
				COPY_PHASE_STRIP = NO;
				DEBUG_INFORMATION_FORMAT = "dwarf-with-dsym";
				ENABLE_NS_ASSERTIONS = NO;
				ENABLE_STRICT_OBJC_MSGSEND = YES;
				GCC_C_LANGUAGE_STANDARD = gnu99;
				GCC_NO_COMMON_BLOCKS = YES;
				GCC_WARN_64_TO_32_BIT_CONVERSION = YES;
				GCC_WARN_ABOUT_RETURN_TYPE = YES_ERROR;
				GCC_WARN_UNDECLARED_SELECTOR = YES;
				GCC_WARN_UNINITIALIZED_AUTOS = YES_AGGRESSIVE;
				GCC_WARN_UNUSED_FUNCTION = YES;
				GCC_WARN_UNUSED_VARIABLE = YES;
				IPHONEOS_DEPLOYMENT_TARGET = 9.0;
				MTL_ENABLE_DEBUG_INFO = NO;
				SDKROOT = iphoneos;
				TARGETED_DEVICE_FAMILY = "1,2";
				VALIDATE_PRODUCT = YES;
			};
			name = Release;
		};
		012D3C1A1BD00CC1002643A7 /* Debug */ = {
			isa = XCBuildConfiguration;
			buildSettings = {
				ASSETCATALOG_COMPILER_APPICON_NAME = AppIcon;
				INFOPLIST_FILE = iForce/Info.plist;
				LD_RUNPATH_SEARCH_PATHS = "$(inherited) @executable_path/Frameworks";
				PRODUCT_BUNDLE_IDENTIFIER = LAM.iForce;
				PRODUCT_NAME = "$(TARGET_NAME)";
			};
			name = Debug;
		};
		012D3C1B1BD00CC1002643A7 /* Release */ = {
			isa = XCBuildConfiguration;
			buildSettings = {
				ASSETCATALOG_COMPILER_APPICON_NAME = AppIcon;
				INFOPLIST_FILE = iForce/Info.plist;
				LD_RUNPATH_SEARCH_PATHS = "$(inherited) @executable_path/Frameworks";
				PRODUCT_BUNDLE_IDENTIFIER = LAM.iForce;
				PRODUCT_NAME = "$(TARGET_NAME)";
			};
			name = Release;
		};
/* End XCBuildConfiguration section */

/* Begin XCConfigurationList section */
		012D3BFD1BD00CC1002643A7 /* Build configuration list for PBXProject "iForce" */ = {
			isa = XCConfigurationList;
			buildConfigurations = (
				012D3C171BD00CC1002643A7 /* Debug */,
				012D3C181BD00CC1002643A7 /* Release */,
			);
			defaultConfigurationIsVisible = 0;
			defaultConfigurationName = Release;
		};
		012D3C191BD00CC1002643A7 /* Build configuration list for PBXNativeTarget "iForce" */ = {
			isa = XCConfigurationList;
			buildConfigurations = (
				012D3C1A1BD00CC1002643A7 /* Debug */,
				012D3C1B1BD00CC1002643A7 /* Release */,
			);
			defaultConfigurationIsVisible = 0;
			defaultConfigurationName = Release;
		};
/* End XCConfigurationList section */
	};
	rootObject = 012D3BFA1BD00CC1002643A7 /* Project object */;
}
